{
  "object": {
    "pins": [
      {
        "package": "Socket",
        "repositoryURL": "https://github.com/Kitura/BlueSocket.git",
        "state": {
          "branch": null,
          "revision": "7b23a867008e0027bfd6f4d398d44720707bc8ca",
          "version": "2.0.4"
        }
      },
      {
        "package": "SSLService",
        "repositoryURL": "https://github.com/Kitura/BlueSSLService",
        "state": {
          "branch": null,
          "revision": "b27a94d063962dfa1bba9f79814c4ef202cf33a4",
          "version": "2.0.2"
        }
      },
      {
        "package": "kvKit-Swift",
        "repositoryURL": "https://github.com/keyvariable/kvKit-Swift.git",
        "state": {
          "branch": null,
          "revision": "1fb919070defd71483a544eb9e5c62ba3f916890",
          "version": "3.2.1"
        }
      },
      {
        "package": "kvSqlKit-Swift",
        "repositoryURL": "https://github.com/keyvariable/kvSqlKit-Swift.git",
        "state": {
          "branch": null,
          "revision": "92baf1f884b6aa6feed2a15b40a21f129fbbd768",
          "version": "0.1.2"
        }
      },
      {
        "package": "PostgresClientKit",
        "repositoryURL": "https://github.com/codewinsdotcom/PostgresClientKit.git",
        "state": {
          "branch": null,
          "revision": "356ffe0c43722f192d796300557b3b530a0baebc",
          "version": "1.5.0"
        }
      }
    ]
  },
  "version": 1
}
